
Microsoft Visual Studio Solution File, Format Version 12.00
# Visual Studio Version 17
VisualStudioVersion = 17.10.35027.167
MinimumVisualStudioVersion = 10.0.40219.1
Project("{888888A0-9F3D-457C-B088-3A5042F75D52}") = "PRIME NUMBERS", "PRIME NUMBERS\PRIME NUMBERS.pyproj", "{00FBEFE4-8BBC-4256-97F8-A2D7A6826587}"
EndProject
Global
	GlobalSection(SolutionConfigurationPlatforms) = preSolution
		Debug|Any CPU = Debug|Any CPU
		Release|Any CPU = Release|Any CPU
	EndGlobalSection
	GlobalSection(ProjectConfigurationPlatforms) = postSolution
		{00FBEFE4-8BBC-4256-97F8-A2D7A6826587}.Debug|Any CPU.ActiveCfg = Debug|Any CPU
		{00FBEFE4-8BBC-4256-97F8-A2D7A6826587}.Release|Any CPU.ActiveCfg = Release|Any CPU
	EndGlobalSection
	GlobalSection(SolutionProperties) = preSolution
		HideSolutionNode = FALSE
	EndGlobalSection
	GlobalSection(ExtensibilityGlobals) = postSolution
		SolutionGuid = {73780649-D017-41DA-ACCB-B1A3B1E20168}
	EndGlobalSection
EndGlobal
