
Microsoft Visual Studio Solution File, Format Version 12.00
# Visual Studio Version 17
VisualStudioVersion = 17.10.35027.167
MinimumVisualStudioVersion = 10.0.40219.1
Project("{888888A0-9F3D-457C-B088-3A5042F75D52}") = "LOVE CALCULATOR", "LOVE CALCULATOR\LOVE CALCULATOR.pyproj", "{FC332023-C8F5-4ED8-8E25-4D9A95FD0E14}"
EndProject
Global
	GlobalSection(SolutionConfigurationPlatforms) = preSolution
		Debug|Any CPU = Debug|Any CPU
		Release|Any CPU = Release|Any CPU
	EndGlobalSection
	GlobalSection(ProjectConfigurationPlatforms) = postSolution
		{FC332023-C8F5-4ED8-8E25-4D9A95FD0E14}.Debug|Any CPU.ActiveCfg = Debug|Any CPU
		{FC332023-C8F5-4ED8-8E25-4D9A95FD0E14}.Release|Any CPU.ActiveCfg = Release|Any CPU
	EndGlobalSection
	GlobalSection(SolutionProperties) = preSolution
		HideSolutionNode = FALSE
	EndGlobalSection
	GlobalSection(ExtensibilityGlobals) = postSolution
		SolutionGuid = {6DB36D7C-EE56-42A7-97E3-EC5603F1BFB9}
	EndGlobalSection
EndGlobal
