
Microsoft Visual Studio Solution File, Format Version 12.00
# Visual Studio Version 17
VisualStudioVersion = 17.10.35027.167
MinimumVisualStudioVersion = 10.0.40219.1
Project("{888888A0-9F3D-457C-B088-3A5042F75D52}") = "Final_Project Password_Generator", "Final_Project Password_Generator\Final_Project Password_Generator.pyproj", "{2071380E-229A-4F98-BF10-24D4DC763F36}"
EndProject
Global
	GlobalSection(SolutionConfigurationPlatforms) = preSolution
		Debug|Any CPU = Debug|Any CPU
		Release|Any CPU = Release|Any CPU
	EndGlobalSection
	GlobalSection(ProjectConfigurationPlatforms) = postSolution
		{2071380E-229A-4F98-BF10-24D4DC763F36}.Debug|Any CPU.ActiveCfg = Debug|Any CPU
		{2071380E-229A-4F98-BF10-24D4DC763F36}.Release|Any CPU.ActiveCfg = Release|Any CPU
	EndGlobalSection
	GlobalSection(SolutionProperties) = preSolution
		HideSolutionNode = FALSE
	EndGlobalSection
	GlobalSection(ExtensibilityGlobals) = postSolution
		SolutionGuid = {638B5C8E-6015-4B0C-9B41-4D92DC691147}
	EndGlobalSection
EndGlobal
