
Microsoft Visual Studio Solution File, Format Version 12.00
# Visual Studio Version 17
VisualStudioVersion = 17.10.35027.167
MinimumVisualStudioVersion = 10.0.40219.1
Project("{888888A0-9F3D-457C-B088-3A5042F75D52}") = "CAESER CIPHER ENCRYPTION", "CAESER CIPHER ENCRYPTION\CAESER CIPHER ENCRYPTION.pyproj", "{A1BA99AC-3CFC-4F95-A798-6288D6E67897}"
EndProject
Global
	GlobalSection(SolutionConfigurationPlatforms) = preSolution
		Debug|Any CPU = Debug|Any CPU
		Release|Any CPU = Release|Any CPU
	EndGlobalSection
	GlobalSection(ProjectConfigurationPlatforms) = postSolution
		{A1BA99AC-3CFC-4F95-A798-6288D6E67897}.Debug|Any CPU.ActiveCfg = Debug|Any CPU
		{A1BA99AC-3CFC-4F95-A798-6288D6E67897}.Release|Any CPU.ActiveCfg = Release|Any CPU
	EndGlobalSection
	GlobalSection(SolutionProperties) = preSolution
		HideSolutionNode = FALSE
	EndGlobalSection
	GlobalSection(ExtensibilityGlobals) = postSolution
		SolutionGuid = {C16652A7-ECA6-4660-8A6A-FBB676EC1C96}
	EndGlobalSection
EndGlobal
