
Microsoft Visual Studio Solution File, Format Version 12.00
# Visual Studio Version 17
VisualStudioVersion = 17.10.35027.167
MinimumVisualStudioVersion = 10.0.40219.1
Project("{888888A0-9F3D-457C-B088-3A5042F75D52}") = "COFFEE MACHINE", "COFFEE MACHINE\COFFEE MACHINE.pyproj", "{1ED34CD9-E042-4D8E-BBA3-928270DF00A5}"
EndProject
Global
	GlobalSection(SolutionConfigurationPlatforms) = preSolution
		Debug|Any CPU = Debug|Any CPU
		Release|Any CPU = Release|Any CPU
	EndGlobalSection
	GlobalSection(ProjectConfigurationPlatforms) = postSolution
		{1ED34CD9-E042-4D8E-BBA3-928270DF00A5}.Debug|Any CPU.ActiveCfg = Debug|Any CPU
		{1ED34CD9-E042-4D8E-BBA3-928270DF00A5}.Release|Any CPU.ActiveCfg = Release|Any CPU
	EndGlobalSection
	GlobalSection(SolutionProperties) = preSolution
		HideSolutionNode = FALSE
	EndGlobalSection
	GlobalSection(ExtensibilityGlobals) = postSolution
		SolutionGuid = {6C95D91C-2448-4EE2-8890-44D54AB3553A}
	EndGlobalSection
EndGlobal
